
Microsoft Visual Studio Solution File, Format Version 12.00
# Visual Studio Version 16
VisualStudioVersion = 16.0.30523.141
MinimumVisualStudioVersion = 10.0.40219.1
Project("{FAE04EC0-301F-11D3-BF4B-00C04F79EFBC}") = "SalesWebMvc", "SalesWebMvc.csproj", "{46DAEC77-EDCC-4EB1-A24E-7123546E96DC}"
EndProject
Global
	GlobalSection(SolutionConfigurationPlatforms) = preSolution
		Debug|Any CPU = Debug|Any CPU
		Release|Any CPU = Release|Any CPU
	EndGlobalSection
	GlobalSection(ProjectConfigurationPlatforms) = postSolution
		{46DAEC77-EDCC-4EB1-A24E-7123546E96DC}.Debug|Any CPU.ActiveCfg = Debug|Any CPU
		{46DAEC77-EDCC-4EB1-A24E-7123546E96DC}.Debug|Any CPU.Build.0 = Debug|Any CPU
		{46DAEC77-EDCC-4EB1-A24E-7123546E96DC}.Release|Any CPU.ActiveCfg = Release|Any CPU
		{46DAEC77-EDCC-4EB1-A24E-7123546E96DC}.Release|Any CPU.Build.0 = Release|Any CPU
	EndGlobalSection
	GlobalSection(SolutionProperties) = preSolution
		HideSolutionNode = FALSE
	EndGlobalSection
	GlobalSection(ExtensibilityGlobals) = postSolution
		SolutionGuid = {EBA16F3C-827A-424B-81C3-F5CBBB5D50FB}
	EndGlobalSection
EndGlobal
